
Microsoft Visual Studio Solution File, Format Version 12.00
# Visual Studio Version 17
VisualStudioVersion = 17.0.31903.59
MinimumVisualStudioVersion = 10.0.40219.1
Project("{2150E333-8FDC-42A3-9474-1A3956D46DE8}") = "Src", "Src", "{00C5ABE4-D078-4C16-8773-03B8FB3878D8}"
EndProject
Project("{2150E333-8FDC-42A3-9474-1A3956D46DE8}") = "Test", "Test", "{27330F29-FFEA-4B4A-A713-4A51F2AA2758}"
EndProject
Project("{2150E333-8FDC-42A3-9474-1A3956D46DE8}") = "01.Core", "01.Core", "{19B9688A-3BC6-4B40-847D-F15FE106BBA8}"
EndProject
Project("{2150E333-8FDC-42A3-9474-1A3956D46DE8}") = "02.Infrastructure", "02.Infrastructure", "{92585280-976C-4AF3-8ACF-EF79652BEEF0}"
EndProject
Project("{2150E333-8FDC-42A3-9474-1A3956D46DE8}") = "03.Presentation", "03.Presentation", "{32BB4878-33F6-4636-99C4-3686F1FA987E}"
EndProject
Project("{9A19103F-16F7-4668-BE54-9A1E7A4F7556}") = "ShopApp.Specs.Tests", "Test\ShopApp.Specs.Tests\ShopApp.Specs.Tests.csproj", "{F82823BE-5601-41E1-A7B3-03B63C8012D0}"
EndProject
Project("{9A19103F-16F7-4668-BE54-9A1E7A4F7556}") = "ShopApp.Service.Unit.Test", "Test\ShopApp.Service.Unit.Test\ShopApp.Service.Unit.Test.csproj", "{1B645C5D-8A27-41A6-9836-B8DC18E37608}"
EndProject
Project("{9A19103F-16F7-4668-BE54-9A1E7A4F7556}") = "ShopApp.TestTools", "Test\ShopApp.TestTools\ShopApp.TestTools.csproj", "{45B94778-9DEF-4625-83D5-D6A77C0C8C3F}"
EndProject
Project("{9A19103F-16F7-4668-BE54-9A1E7A4F7556}") = "ShopApp.Infrastructure", "Src\02.Infrastructure\Tempete.Infrastructure\ShopApp.Infrastructure.csproj", "{B7FE8946-7180-4730-B2DB-E165A58B16AE}"
EndProject
Project("{9A19103F-16F7-4668-BE54-9A1E7A4F7556}") = "ShopApp.Services", "Src\01.Core\ShopApp.Services\ShopApp.Services.csproj", "{CFBF0F39-AF6D-4D04-9C8F-F058A8E81360}"
EndProject
Project("{9A19103F-16F7-4668-BE54-9A1E7A4F7556}") = "ShopApp.Migration", "Src\02.Infrastructure\ShopApp.Migration\ShopApp.Migration.csproj", "{F14B35E0-5EB7-410F-AFD1-AE5F5F68F1D1}"
EndProject
Project("{9A19103F-16F7-4668-BE54-9A1E7A4F7556}") = "ShopApp.RestApi", "Src\03.Presentation\Templete.RestApi\ShopApp.RestApi.csproj", "{758A833C-8107-463A-BAF7-5D8A034B741D}"
EndProject
Project("{FAE04EC0-301F-11D3-BF4B-00C04F79EFBC}") = "ShopApp.Persistanse.EF", "Src\02.Infrastructure\ShopApp.Persistanse.EF\ShopApp.Persistanse.EF.csproj", "{BE5EFC4C-5B79-44E4-9982-7951E8A5FD16}"
EndProject
Project("{FAE04EC0-301F-11D3-BF4B-00C04F79EFBC}") = "ShopApp.Entities", "Src\01.Core\ShopApp.Entities\ShopApp.Entities.csproj", "{5BB886D6-1C65-45C5-910B-23E32177EF73}"
EndProject
Global
	GlobalSection(SolutionConfigurationPlatforms) = preSolution
		Debug|Any CPU = Debug|Any CPU
		Release|Any CPU = Release|Any CPU
	EndGlobalSection
	GlobalSection(ProjectConfigurationPlatforms) = postSolution
		{F82823BE-5601-41E1-A7B3-03B63C8012D0}.Debug|Any CPU.ActiveCfg = Debug|Any CPU
		{F82823BE-5601-41E1-A7B3-03B63C8012D0}.Debug|Any CPU.Build.0 = Debug|Any CPU
		{F82823BE-5601-41E1-A7B3-03B63C8012D0}.Release|Any CPU.ActiveCfg = Release|Any CPU
		{F82823BE-5601-41E1-A7B3-03B63C8012D0}.Release|Any CPU.Build.0 = Release|Any CPU
		{1B645C5D-8A27-41A6-9836-B8DC18E37608}.Debug|Any CPU.ActiveCfg = Debug|Any CPU
		{1B645C5D-8A27-41A6-9836-B8DC18E37608}.Debug|Any CPU.Build.0 = Debug|Any CPU
		{1B645C5D-8A27-41A6-9836-B8DC18E37608}.Release|Any CPU.ActiveCfg = Release|Any CPU
		{1B645C5D-8A27-41A6-9836-B8DC18E37608}.Release|Any CPU.Build.0 = Release|Any CPU
		{45B94778-9DEF-4625-83D5-D6A77C0C8C3F}.Debug|Any CPU.ActiveCfg = Debug|Any CPU
		{45B94778-9DEF-4625-83D5-D6A77C0C8C3F}.Debug|Any CPU.Build.0 = Debug|Any CPU
		{45B94778-9DEF-4625-83D5-D6A77C0C8C3F}.Release|Any CPU.ActiveCfg = Release|Any CPU
		{45B94778-9DEF-4625-83D5-D6A77C0C8C3F}.Release|Any CPU.Build.0 = Release|Any CPU
		{B7FE8946-7180-4730-B2DB-E165A58B16AE}.Debug|Any CPU.ActiveCfg = Debug|Any CPU
		{B7FE8946-7180-4730-B2DB-E165A58B16AE}.Debug|Any CPU.Build.0 = Debug|Any CPU
		{B7FE8946-7180-4730-B2DB-E165A58B16AE}.Release|Any CPU.ActiveCfg = Release|Any CPU
		{B7FE8946-7180-4730-B2DB-E165A58B16AE}.Release|Any CPU.Build.0 = Release|Any CPU
		{CFBF0F39-AF6D-4D04-9C8F-F058A8E81360}.Debug|Any CPU.ActiveCfg = Debug|Any CPU
		{CFBF0F39-AF6D-4D04-9C8F-F058A8E81360}.Debug|Any CPU.Build.0 = Debug|Any CPU
		{CFBF0F39-AF6D-4D04-9C8F-F058A8E81360}.Release|Any CPU.ActiveCfg = Release|Any CPU
		{CFBF0F39-AF6D-4D04-9C8F-F058A8E81360}.Release|Any CPU.Build.0 = Release|Any CPU
		{F14B35E0-5EB7-410F-AFD1-AE5F5F68F1D1}.Debug|Any CPU.ActiveCfg = Debug|Any CPU
		{F14B35E0-5EB7-410F-AFD1-AE5F5F68F1D1}.Debug|Any CPU.Build.0 = Debug|Any CPU
		{F14B35E0-5EB7-410F-AFD1-AE5F5F68F1D1}.Release|Any CPU.ActiveCfg = Release|Any CPU
		{F14B35E0-5EB7-410F-AFD1-AE5F5F68F1D1}.Release|Any CPU.Build.0 = Release|Any CPU
		{758A833C-8107-463A-BAF7-5D8A034B741D}.Debug|Any CPU.ActiveCfg = Debug|Any CPU
		{758A833C-8107-463A-BAF7-5D8A034B741D}.Debug|Any CPU.Build.0 = Debug|Any CPU
		{758A833C-8107-463A-BAF7-5D8A034B741D}.Release|Any CPU.ActiveCfg = Release|Any CPU
		{758A833C-8107-463A-BAF7-5D8A034B741D}.Release|Any CPU.Build.0 = Release|Any CPU
		{BE5EFC4C-5B79-44E4-9982-7951E8A5FD16}.Debug|Any CPU.ActiveCfg = Debug|Any CPU
		{BE5EFC4C-5B79-44E4-9982-7951E8A5FD16}.Debug|Any CPU.Build.0 = Debug|Any CPU
		{BE5EFC4C-5B79-44E4-9982-7951E8A5FD16}.Release|Any CPU.ActiveCfg = Release|Any CPU
		{BE5EFC4C-5B79-44E4-9982-7951E8A5FD16}.Release|Any CPU.Build.0 = Release|Any CPU
		{5BB886D6-1C65-45C5-910B-23E32177EF73}.Debug|Any CPU.ActiveCfg = Debug|Any CPU
		{5BB886D6-1C65-45C5-910B-23E32177EF73}.Debug|Any CPU.Build.0 = Debug|Any CPU
		{5BB886D6-1C65-45C5-910B-23E32177EF73}.Release|Any CPU.ActiveCfg = Release|Any CPU
		{5BB886D6-1C65-45C5-910B-23E32177EF73}.Release|Any CPU.Build.0 = Release|Any CPU
	EndGlobalSection
	GlobalSection(SolutionProperties) = preSolution
		HideSolutionNode = FALSE
	EndGlobalSection
	GlobalSection(NestedProjects) = preSolution
		{19B9688A-3BC6-4B40-847D-F15FE106BBA8} = {00C5ABE4-D078-4C16-8773-03B8FB3878D8}
		{92585280-976C-4AF3-8ACF-EF79652BEEF0} = {00C5ABE4-D078-4C16-8773-03B8FB3878D8}
		{32BB4878-33F6-4636-99C4-3686F1FA987E} = {00C5ABE4-D078-4C16-8773-03B8FB3878D8}
		{F82823BE-5601-41E1-A7B3-03B63C8012D0} = {27330F29-FFEA-4B4A-A713-4A51F2AA2758}
		{1B645C5D-8A27-41A6-9836-B8DC18E37608} = {27330F29-FFEA-4B4A-A713-4A51F2AA2758}
		{45B94778-9DEF-4625-83D5-D6A77C0C8C3F} = {27330F29-FFEA-4B4A-A713-4A51F2AA2758}
		{B7FE8946-7180-4730-B2DB-E165A58B16AE} = {92585280-976C-4AF3-8ACF-EF79652BEEF0}
		{CFBF0F39-AF6D-4D04-9C8F-F058A8E81360} = {19B9688A-3BC6-4B40-847D-F15FE106BBA8}
		{F14B35E0-5EB7-410F-AFD1-AE5F5F68F1D1} = {92585280-976C-4AF3-8ACF-EF79652BEEF0}
		{758A833C-8107-463A-BAF7-5D8A034B741D} = {32BB4878-33F6-4636-99C4-3686F1FA987E}
		{BE5EFC4C-5B79-44E4-9982-7951E8A5FD16} = {92585280-976C-4AF3-8ACF-EF79652BEEF0}
		{5BB886D6-1C65-45C5-910B-23E32177EF73} = {19B9688A-3BC6-4B40-847D-F15FE106BBA8}
	EndGlobalSection
	GlobalSection(ExtensibilityGlobals) = postSolution
		SolutionGuid = {78C17B7C-3904-40B9-A577-A3821D3D99AC}
	EndGlobalSection
EndGlobal
